// !$*UTF8*$!
{
	archiveVersion = 1;
	classes = {
	};
	objectVersion = 55;
	objects = {

/* Begin PBXBuildFile section */
		BB22B35B289BC86A00C97697 /* assignment1sangyeobHanApp.swift in Sources */ = {isa = PBXBuildFile; fileRef = BB22B35A289BC86A00C97697 /* assignment1sangyeobHanApp.swift */; };
		BB22B35D289BC86A00C97697 /* ContentView.swift in Sources */ = {isa = PBXBuildFile; fileRef = BB22B35C289BC86A00C97697 /* ContentView.swift */; };
		BB22B35F289BC86B00C97697 /* Assets.xcassets in Resources */ = {isa = PBXBuildFile; fileRef = BB22B35E289BC86B00C97697 /* Assets.xcassets */; };
		BB22B362289BC86B00C97697 /* Preview Assets.xcassets in Resources */ = {isa = PBXBuildFile; fileRef = BB22B361289BC86B00C97697 /* Preview Assets.xcassets */; };
		BB22B369289BC88E00C97697 /* ShopData.json in Resources */ = {isa = PBXBuildFile; fileRef = BB22B368289BC88E00C97697 /* ShopData.json */; };
		BB22B36B289BC8DE00C97697 /* JSONManager.swift in Sources */ = {isa = PBXBuildFile; fileRef = BB22B36A289BC8DE00C97697 /* JSONManager.swift */; };
		BB22B36D289BC9C800C97697 /* File in Resources */ = {isa = PBXBuildFile; fileRef = BB22B36C289BC9C800C97697 /* File */; };
		BB22B36F289BD00800C97697 /* DetailView.swift in Sources */ = {isa = PBXBuildFile; fileRef = BB22B36E289BD00800C97697 /* DetailView.swift */; };
		BB5CE4E9289D00B600D18F6B /* InitPage.swift in Sources */ = {isa = PBXBuildFile; fileRef = BB5CE4E8289D00B600D18F6B /* InitPage.swift */; };
		BB5CE4EB289D104200D18F6B /* Home.swift in Sources */ = {isa = PBXBuildFile; fileRef = BB5CE4EA289D104200D18F6B /* Home.swift */; };
/* End PBXBuildFile section */

/* Begin PBXFileReference section */
		BB22B357289BC86A00C97697 /* assignment1sangyeobHan.app */ = {isa = PBXFileReference; explicitFileType = wrapper.application; includeInIndex = 0; path = assignment1sangyeobHan.app; sourceTree = BUILT_PRODUCTS_DIR; };
		BB22B35A289BC86A00C97697 /* assignment1sangyeobHanApp.swift */ = {isa = PBXFileReference; lastKnownFileType = sourcecode.swift; path = assignment1sangyeobHanApp.swift; sourceTree = "<group>"; };
		BB22B35C289BC86A00C97697 /* ContentView.swift */ = {isa = PBXFileReference; lastKnownFileType = sourcecode.swift; path = ContentView.swift; sourceTree = "<group>"; };
		BB22B35E289BC86B00C97697 /* Assets.xcassets */ = {isa = PBXFileReference; lastKnownFileType = folder.assetcatalog; path = Assets.xcassets; sourceTree = "<group>"; };
		BB22B361289BC86B00C97697 /* Preview Assets.xcassets */ = {isa = PBXFileReference; lastKnownFileType = folder.assetcatalog; path = "Preview Assets.xcassets"; sourceTree = "<group>"; };
		BB22B368289BC88E00C97697 /* ShopData.json */ = {isa = PBXFileReference; fileEncoding = 4; lastKnownFileType = text.json; name = ShopData.json; path = ../../../../Documents/iOS_dev/Shared/ShopData.json; sourceTree = "<group>"; };
		BB22B36A289BC8DE00C97697 /* JSONManager.swift */ = {isa = PBXFileReference; fileEncoding = 4; lastKnownFileType = sourcecode.swift; name = JSONManager.swift; path = ../../../../Documents/iOS_dev/Shared/JSONManager.swift; sourceTree = "<group>"; };
		BB22B36C289BC9C800C97697 /* File */ = {isa = PBXFileReference; lastKnownFileType = text; path = File; sourceTree = "<group>"; };
		BB22B36E289BD00800C97697 /* DetailView.swift */ = {isa = PBXFileReference; lastKnownFileType = sourcecode.swift; path = DetailView.swift; sourceTree = "<group>"; };
		BB5CE4E8289D00B600D18F6B /* InitPage.swift */ = {isa = PBXFileReference; lastKnownFileType = sourcecode.swift; path = InitPage.swift; sourceTree = "<group>"; };
		BB5CE4EA289D104200D18F6B /* Home.swift */ = {isa = PBXFileReference; lastKnownFileType = sourcecode.swift; path = Home.swift; sourceTree = "<group>"; };
/* End PBXFileReference section */

/* Begin PBXFrameworksBuildPhase section */
		BB22B354289BC86A00C97697 /* Frameworks */ = {
			isa = PBXFrameworksBuildPhase;
			buildActionMask = 2147483647;
			files = (
			);
			runOnlyForDeploymentPostprocessing = 0;
		};
/* End PBXFrameworksBuildPhase section */

/* Begin PBXGroup section */
		BB22B34E289BC86A00C97697 = {
			isa = PBXGroup;
			children = (
				BB5CE4EA289D104200D18F6B /* Home.swift */,
				BB22B359289BC86A00C97697 /* assignment1sangyeobHan */,
				BB22B358289BC86A00C97697 /* Products */,
			);
			sourceTree = "<group>";
		};
		BB22B358289BC86A00C97697 /* Products */ = {
			isa = PBXGroup;
			children = (
				BB22B357289BC86A00C97697 /* assignment1sangyeobHan.app */,
			);
			name = Products;
			sourceTree = "<group>";
		};
		BB22B359289BC86A00C97697 /* assignment1sangyeobHan */ = {
			isa = PBXGroup;
			children = (
				BB22B35A289BC86A00C97697 /* assignment1sangyeobHanApp.swift */,
				BB22B35C289BC86A00C97697 /* ContentView.swift */,
				BB22B35E289BC86B00C97697 /* Assets.xcassets */,
				BB22B360289BC86B00C97697 /* Preview Content */,
				BB22B36E289BD00800C97697 /* DetailView.swift */,
				BB5CE4E8289D00B600D18F6B /* InitPage.swift */,
			);
			path = assignment1sangyeobHan;
			sourceTree = "<group>";
		};
		BB22B360289BC86B00C97697 /* Preview Content */ = {
			isa = PBXGroup;
			children = (
				BB22B361289BC86B00C97697 /* Preview Assets.xcassets */,
				BB22B368289BC88E00C97697 /* ShopData.json */,
				BB22B36A289BC8DE00C97697 /* JSONManager.swift */,
				BB22B36C289BC9C800C97697 /* File */,
			);
			path = "Preview Content";
			sourceTree = "<group>";
		};
/* End PBXGroup section */

/* Begin PBXNativeTarget section */
		BB22B356289BC86A00C97697 /* assignment1sangyeobHan */ = {
			isa = PBXNativeTarget;
			buildConfigurationList = BB22B365289BC86B00C97697 /* Build configuration list for PBXNativeTarget "assignment1sangyeobHan" */;
			buildPhases = (
				BB22B353289BC86A00C97697 /* Sources */,
				BB22B354289BC86A00C97697 /* Frameworks */,
				BB22B355289BC86A00C97697 /* Resources */,
			);
			buildRules = (
			);
			dependencies = (
			);
			name = assignment1sangyeobHan;
			productName = assignment1sangyeobHan;
			productReference = BB22B357289BC86A00C97697 /* assignment1sangyeobHan.app */;
			productType = "com.apple.product-type.application";
		};
/* End PBXNativeTarget section */

/* Begin PBXProject section */
		BB22B34F289BC86A00C97697 /* Project object */ = {
			isa = PBXProject;
			attributes = {
				BuildIndependentTargetsInParallel = 1;
				LastSwiftUpdateCheck = 1340;
				LastUpgradeCheck = 1340;
				TargetAttributes = {
					BB22B356289BC86A00C97697 = {
						CreatedOnToolsVersion = 13.4.1;
					};
				};
			};
			buildConfigurationList = BB22B352289BC86A00C97697 /* Build configuration list for PBXProject "assignment1sangyeobHan" */;
			compatibilityVersion = "Xcode 13.0";
			developmentRegion = en;
			hasScannedForEncodings = 0;
			knownRegions = (
				en,
				Base,
			);
			mainGroup = BB22B34E289BC86A00C97697;
			productRefGroup = BB22B358289BC86A00C97697 /* Products */;
			projectDirPath = "";
			projectRoot = "";
			targets = (
				BB22B356289BC86A00C97697 /* assignment1sangyeobHan */,
			);
		};
/* End PBXProject section */

/* Begin PBXResourcesBuildPhase section */
		BB22B355289BC86A00C97697 /* Resources */ = {
			isa = PBXResourcesBuildPhase;
			buildActionMask = 2147483647;
			files = (
				BB22B36D289BC9C800C97697 /* File in Resources */,
				BB22B362289BC86B00C97697 /* Preview Assets.xcassets in Resources */,
				BB22B35F289BC86B00C97697 /* Assets.xcassets in Resources */,
				BB22B369289BC88E00C97697 /* ShopData.json in Resources */,
			);
			runOnlyForDeploymentPostprocessing = 0;
		};
/* End PBXResourcesBuildPhase section */

/* Begin PBXSourcesBuildPhase section */
		BB22B353289BC86A00C97697 /* Sources */ = {
			isa = PBXSourcesBuildPhase;
			buildActionMask = 2147483647;
			files = (
				BB22B35D289BC86A00C97697 /* ContentView.swift in Sources */,
				BB22B36F289BD00800C97697 /* DetailView.swift in Sources */,
				BB22B36B289BC8DE00C97697 /* JSONManager.swift in Sources */,
				BB5CE4E9289D00B600D18F6B /* InitPage.swift in Sources */,
				BB5CE4EB289D104200D18F6B /* Home.swift in Sources */,
				BB22B35B289BC86A00C97697 /* assignment1sangyeobHanApp.swift in Sources */,
			);
			runOnlyForDeploymentPostprocessing = 0;
		};
/* End PBXSourcesBuildPhase section */

/* Begin XCBuildConfiguration section */
		BB22B363289BC86B00C97697 /* Debug */ = {
			isa = XCBuildConfiguration;
			buildSettings = {
				ALWAYS_SEARCH_USER_PATHS = NO;
				CLANG_ANALYZER_NONNULL = YES;
				CLANG_ANALYZER_NUMBER_OBJECT_CONVERSION = YES_AGGRESSIVE;
				CLANG_CXX_LANGUAGE_STANDARD = "gnu++17";
				CLANG_ENABLE_MODULES = YES;
				CLANG_ENABLE_OBJC_ARC = YES;
				CLANG_ENABLE_OBJC_WEAK = YES;
				CLANG_WARN_BLOCK_CAPTURE_AUTORELEASING = YES;
				CLANG_WARN_BOOL_CONVERSION = YES;
				CLANG_WARN_COMMA = YES;
				CLANG_WARN_CONSTANT_CONVERSION = YES;
				CLANG_WARN_DEPRECATED_OBJC_IMPLEMENTATIONS = YES;
				CLANG_WARN_DIRECT_OBJC_ISA_USAGE = YES_ERROR;
				CLANG_WARN_DOCUMENTATION_COMMENTS = YES;
				CLANG_WARN_EMPTY_BODY = YES;
				CLANG_WARN_ENUM_CONVERSION = YES;
				CLANG_WARN_INFINITE_RECURSION = YES;
				CLANG_WARN_INT_CONVERSION = YES;
				CLANG_WARN_NON_LITERAL_NULL_CONVERSION = YES;
				CLANG_WARN_OBJC_IMPLICIT_RETAIN_SELF = YES;
				CLANG_WARN_OBJC_LITERAL_CONVERSION = YES;
				CLANG_WARN_OBJC_ROOT_CLASS = YES_ERROR;
				CLANG_WARN_QUOTED_INCLUDE_IN_FRAMEWORK_HEADER = YES;
				CLANG_WARN_RANGE_LOOP_ANALYSIS = YES;
				CLANG_WARN_STRICT_PROTOTYPES = YES;
				CLANG_WARN_SUSPICIOUS_MOVE = YES;
				CLANG_WARN_UNGUARDED_AVAILABILITY = YES_AGGRESSIVE;
				CLANG_WARN_UNREACHABLE_CODE = YES;
				CLANG_WARN__DUPLICATE_METHOD_MATCH = YES;
				COPY_PHASE_STRIP = NO;
				DEBUG_INFORMATION_FORMAT = dwarf;
				ENABLE_STRICT_OBJC_MSGSEND = YES;
				ENABLE_TESTABILITY = YES;
				GCC_C_LANGUAGE_STANDARD = gnu11;
				GCC_DYNAMIC_NO_PIC = NO;
				GCC_NO_COMMON_BLOCKS = YES;
				GCC_OPTIMIZATION_LEVEL = 0;
				GCC_PREPROCESSOR_DEFINITIONS = (
					"DEBUG=1",
					"$(inherited)",
				);
				GCC_WARN_64_TO_32_BIT_CONVERSION = YES;
				GCC_WARN_ABOUT_RETURN_TYPE = YES_ERROR;
				GCC_WARN_UNDECLARED_SELECTOR = YES;
				GCC_WARN_UNINITIALIZED_AUTOS = YES_AGGRESSIVE;
				GCC_WARN_UNUSED_FUNCTION = YES;
				GCC_WARN_UNUSED_VARIABLE = YES;
				IPHONEOS_DEPLOYMENT_TARGET = 15.5;
				MTL_ENABLE_DEBUG_INFO = INCLUDE_SOURCE;
				MTL_FAST_MATH = YES;
				ONLY_ACTIVE_ARCH = YES;
				SDKROOT = iphoneos;
				SWIFT_ACTIVE_COMPILATION_CONDITIONS = DEBUG;
				SWIFT_OPTIMIZATION_LEVEL = "-Onone";
			};
			name = Debug;
		};
		BB22B364289BC86B00C97697 /* Release */ = {
			isa = XCBuildConfiguration;
			buildSettings = {
				ALWAYS_SEARCH_USER_PATHS = NO;
				CLANG_ANALYZER_NONNULL = YES;
				CLANG_ANALYZER_NUMBER_OBJECT_CONVERSION = YES_AGGRESSIVE;
				CLANG_CXX_LANGUAGE_STANDARD = "gnu++17";
				CLANG_ENABLE_MODULES = YES;
				CLANG_ENABLE_OBJC_ARC = YES;
				CLANG_ENABLE_OBJC_WEAK = YES;
				CLANG_WARN_BLOCK_CAPTURE_AUTORELEASING = YES;
				CLANG_WARN_BOOL_CONVERSION = YES;
				CLANG_WARN_COMMA = YES;
				CLANG_WARN_CONSTANT_CONVERSION = YES;
				CLANG_WARN_DEPRECATED_OBJC_IMPLEMENTATIONS = YES;
				CLANG_WARN_DIRECT_OBJC_ISA_USAGE = YES_ERROR;
				CLANG_WARN_DOCUMENTATION_COMMENTS = YES;
				CLANG_WARN_EMPTY_BODY = YES;
				CLANG_WARN_ENUM_CONVERSION = YES;
				CLANG_WARN_INFINITE_RECURSION = YES;
				CLANG_WARN_INT_CONVERSION = YES;
				CLANG_WARN_NON_LITERAL_NULL_CONVERSION = YES;
				CLANG_WARN_OBJC_IMPLICIT_RETAIN_SELF = YES;
				CLANG_WARN_OBJC_LITERAL_CONVERSION = YES;
				CLANG_WARN_OBJC_ROOT_CLASS = YES_ERROR;
				CLANG_WARN_QUOTED_INCLUDE_IN_FRAMEWORK_HEADER = YES;
				CLANG_WARN_RANGE_LOOP_ANALYSIS = YES;
				CLANG_WARN_STRICT_PROTOTYPES = YES;
				CLANG_WARN_SUSPICIOUS_MOVE = YES;
				CLANG_WARN_UNGUARDED_AVAILABILITY = YES_AGGRESSIVE;
				CLANG_WARN_UNREACHABLE_CODE = YES;
				CLANG_WARN__DUPLICATE_METHOD_MATCH = YES;
				COPY_PHASE_STRIP = NO;
				DEBUG_INFORMATION_FORMAT = "dwarf-with-dsym";
				ENABLE_NS_ASSERTIONS = NO;
				ENABLE_STRICT_OBJC_MSGSEND = YES;
				GCC_C_LANGUAGE_STANDARD = gnu11;
				GCC_NO_COMMON_BLOCKS = YES;
				GCC_WARN_64_TO_32_BIT_CONVERSION = YES;
				GCC_WARN_ABOUT_RETURN_TYPE = YES_ERROR;
				GCC_WARN_UNDECLARED_SELECTOR = YES;
				GCC_WARN_UNINITIALIZED_AUTOS = YES_AGGRESSIVE;
				GCC_WARN_UNUSED_FUNCTION = YES;
				GCC_WARN_UNUSED_VARIABLE = YES;
				IPHONEOS_DEPLOYMENT_TARGET = 15.5;
				MTL_ENABLE_DEBUG_INFO = NO;
				MTL_FAST_MATH = YES;
				SDKROOT = iphoneos;
				SWIFT_COMPILATION_MODE = wholemodule;
				SWIFT_OPTIMIZATION_LEVEL = "-O";
				VALIDATE_PRODUCT = YES;
			};
			name = Release;
		};
		BB22B366289BC86B00C97697 /* Debug */ = {
			isa = XCBuildConfiguration;
			buildSettings = {
				ASSETCATALOG_COMPILER_APPICON_NAME = AppIcon;
				ASSETCATALOG_COMPILER_GLOBAL_ACCENT_COLOR_NAME = AccentColor;
				CODE_SIGN_STYLE = Automatic;
				CURRENT_PROJECT_VERSION = 1;
				DEVELOPMENT_ASSET_PATHS = "\"assignment1sangyeobHan/Preview Content\"";
				ENABLE_PREVIEWS = YES;
				GENERATE_INFOPLIST_FILE = YES;
				INFOPLIST_KEY_UIApplicationSceneManifest_Generation = YES;
				INFOPLIST_KEY_UIApplicationSupportsIndirectInputEvents = YES;
				INFOPLIST_KEY_UILaunchScreen_Generation = YES;
				INFOPLIST_KEY_UISupportedInterfaceOrientations_iPad = "UIInterfaceOrientationPortrait UIInterfaceOrientationPortraitUpsideDown UIInterfaceOrientationLandscapeLeft UIInterfaceOrientationLandscapeRight";
				INFOPLIST_KEY_UISupportedInterfaceOrientations_iPhone = "UIInterfaceOrientationPortrait UIInterfaceOrientationLandscapeLeft UIInterfaceOrientationLandscapeRight";
				LD_RUNPATH_SEARCH_PATHS = (
					"$(inherited)",
					"@executable_path/Frameworks",
				);
				MARKETING_VERSION = 1.0;
				PRODUCT_BUNDLE_IDENTIFIER = vn.edu.rmit.sangyeob.assignment1sangyeobHan;
				PRODUCT_NAME = "$(TARGET_NAME)";
				SWIFT_EMIT_LOC_STRINGS = YES;
				SWIFT_VERSION = 5.0;
				TARGETED_DEVICE_FAMILY = "1,2";
			};
			name = Debug;
		};
		BB22B367289BC86B00C97697 /* Release */ = {
			isa = XCBuildConfiguration;
			buildSettings = {
				ASSETCATALOG_COMPILER_APPICON_NAME = AppIcon;
				ASSETCATALOG_COMPILER_GLOBAL_ACCENT_COLOR_NAME = AccentColor;
				CODE_SIGN_STYLE = Automatic;
				CURRENT_PROJECT_VERSION = 1;
				DEVELOPMENT_ASSET_PATHS = "\"assignment1sangyeobHan/Preview Content\"";
				ENABLE_PREVIEWS = YES;
				GENERATE_INFOPLIST_FILE = YES;
				INFOPLIST_KEY_UIApplicationSceneManifest_Generation = YES;
				INFOPLIST_KEY_UIApplicationSupportsIndirectInputEvents = YES;
				INFOPLIST_KEY_UILaunchScreen_Generation = YES;
				INFOPLIST_KEY_UISupportedInterfaceOrientations_iPad = "UIInterfaceOrientationPortrait UIInterfaceOrientationPortraitUpsideDown UIInterfaceOrientationLandscapeLeft UIInterfaceOrientationLandscapeRight";
				INFOPLIST_KEY_UISupportedInterfaceOrientations_iPhone = "UIInterfaceOrientationPortrait UIInterfaceOrientationLandscapeLeft UIInterfaceOrientationLandscapeRight";
				LD_RUNPATH_SEARCH_PATHS = (
					"$(inherited)",
					"@executable_path/Frameworks",
				);
				MARKETING_VERSION = 1.0;
				PRODUCT_BUNDLE_IDENTIFIER = vn.edu.rmit.sangyeob.assignment1sangyeobHan;
				PRODUCT_NAME = "$(TARGET_NAME)";
				SWIFT_EMIT_LOC_STRINGS = YES;
				SWIFT_VERSION = 5.0;
				TARGETED_DEVICE_FAMILY = "1,2";
			};
			name = Release;
		};
/* End XCBuildConfiguration section */

/* Begin XCConfigurationList section */
		BB22B352289BC86A00C97697 /* Build configuration list for PBXProject "assignment1sangyeobHan" */ = {
			isa = XCConfigurationList;
			buildConfigurations = (
				BB22B363289BC86B00C97697 /* Debug */,
				BB22B364289BC86B00C97697 /* Release */,
			);
			defaultConfigurationIsVisible = 0;
			defaultConfigurationName = Release;
		};
		BB22B365289BC86B00C97697 /* Build configuration list for PBXNativeTarget "assignment1sangyeobHan" */ = {
			isa = XCConfigurationList;
			buildConfigurations = (
				BB22B366289BC86B00C97697 /* Debug */,
				BB22B367289BC86B00C97697 /* Release */,
			);
			defaultConfigurationIsVisible = 0;
			defaultConfigurationName = Release;
		};
/* End XCConfigurationList section */
	};
	rootObject = BB22B34F289BC86A00C97697 /* Project object */;
}
